
Microsoft Visual Studio Solution File, Format Version 12.00
# Visual Studio 2013
VisualStudioVersion = 12.0.21005.1
MinimumVisualStudioVersion = 10.0.40219.1
Project("{8BC9CEB8-8B4A-11D0-8D11-00A0C91BC942}") = "GB", "GB\GB.vcxproj", "{3B1AF928-45CD-421D-BE4C-05E3A9181CAD}"
EndProject
Project("{8BC9CEB8-8B4A-11D0-8D11-00A0C91BC942}") = "Logic", "Logic\Logic.vcxproj", "{87E8B3E7-E210-4B62-8953-B1BA5484783B}"
EndProject
Project("{8BC9CEB8-8B4A-11D0-8D11-00A0C91BC942}") = "Limits", "Limits\Limits.vcxproj", "{3F52F6AB-5093-418D-B164-E41741C78A2B}"
EndProject
Project("{8BC9CEB8-8B4A-11D0-8D11-00A0C91BC942}") = "GC", "GA\GA.vcxproj", "{36080179-6FEB-4861-9816-2A5F54570D59}"
EndProject
Project("{8BC9CEB8-8B4A-11D0-8D11-00A0C91BC942}") = "GD", "GD\GD.vcxproj", "{80F930DD-6C87-4AEE-80A0-E6C8EA1712A6}"
EndProject
Project("{8BC9CEB8-8B4A-11D0-8D11-00A0C91BC942}") = "FD", "FD\FD.vcxproj", "{2182D2A8-98C1-4AFB-B29E-C35DAEA5D47E}"
EndProject
Global
	GlobalSection(SolutionConfigurationPlatforms) = preSolution
		Debug|Win32 = Debug|Win32
		Release|Win32 = Release|Win32
	EndGlobalSection
	GlobalSection(ProjectConfigurationPlatforms) = postSolution
		{3B1AF928-45CD-421D-BE4C-05E3A9181CAD}.Debug|Win32.ActiveCfg = Debug|Win32
		{3B1AF928-45CD-421D-BE4C-05E3A9181CAD}.Debug|Win32.Build.0 = Debug|Win32
		{3B1AF928-45CD-421D-BE4C-05E3A9181CAD}.Release|Win32.ActiveCfg = Release|Win32
		{3B1AF928-45CD-421D-BE4C-05E3A9181CAD}.Release|Win32.Build.0 = Release|Win32
		{87E8B3E7-E210-4B62-8953-B1BA5484783B}.Debug|Win32.ActiveCfg = Debug|Win32
		{87E8B3E7-E210-4B62-8953-B1BA5484783B}.Debug|Win32.Build.0 = Debug|Win32
		{87E8B3E7-E210-4B62-8953-B1BA5484783B}.Release|Win32.ActiveCfg = Release|Win32
		{87E8B3E7-E210-4B62-8953-B1BA5484783B}.Release|Win32.Build.0 = Release|Win32
		{3F52F6AB-5093-418D-B164-E41741C78A2B}.Debug|Win32.ActiveCfg = Debug|Win32
		{3F52F6AB-5093-418D-B164-E41741C78A2B}.Debug|Win32.Build.0 = Debug|Win32
		{3F52F6AB-5093-418D-B164-E41741C78A2B}.Release|Win32.ActiveCfg = Release|Win32
		{3F52F6AB-5093-418D-B164-E41741C78A2B}.Release|Win32.Build.0 = Release|Win32
		{36080179-6FEB-4861-9816-2A5F54570D59}.Debug|Win32.ActiveCfg = Debug|Win32
		{36080179-6FEB-4861-9816-2A5F54570D59}.Debug|Win32.Build.0 = Debug|Win32
		{36080179-6FEB-4861-9816-2A5F54570D59}.Release|Win32.ActiveCfg = Release|Win32
		{36080179-6FEB-4861-9816-2A5F54570D59}.Release|Win32.Build.0 = Release|Win32
		{80F930DD-6C87-4AEE-80A0-E6C8EA1712A6}.Debug|Win32.ActiveCfg = Debug|Win32
		{80F930DD-6C87-4AEE-80A0-E6C8EA1712A6}.Debug|Win32.Build.0 = Debug|Win32
		{80F930DD-6C87-4AEE-80A0-E6C8EA1712A6}.Release|Win32.ActiveCfg = Release|Win32
		{80F930DD-6C87-4AEE-80A0-E6C8EA1712A6}.Release|Win32.Build.0 = Release|Win32
		{2182D2A8-98C1-4AFB-B29E-C35DAEA5D47E}.Debug|Win32.ActiveCfg = Debug|Win32
		{2182D2A8-98C1-4AFB-B29E-C35DAEA5D47E}.Debug|Win32.Build.0 = Debug|Win32
		{2182D2A8-98C1-4AFB-B29E-C35DAEA5D47E}.Release|Win32.ActiveCfg = Release|Win32
		{2182D2A8-98C1-4AFB-B29E-C35DAEA5D47E}.Release|Win32.Build.0 = Release|Win32
	EndGlobalSection
	GlobalSection(SolutionProperties) = preSolution
		HideSolutionNode = FALSE
	EndGlobalSection
EndGlobal
